
Microsoft Visual Studio Solution File, Format Version 12.00
# Visual Studio Version 17
VisualStudioVersion = 17.11.35208.52
MinimumVisualStudioVersion = 10.0.40219.1
Project("{FAE04EC0-301F-11D3-BF4B-00C04F79EFBC}") = "ProtoType_Stagemarkt", "ProtoType_Stagemarkt.csproj", "{F805D54C-E707-40A5-A6F0-8DB0AD03B624}"
EndProject
Global
	GlobalSection(SolutionConfigurationPlatforms) = preSolution
		Debug|Any CPU = Debug|Any CPU
		Release|Any CPU = Release|Any CPU
	EndGlobalSection
	GlobalSection(ProjectConfigurationPlatforms) = postSolution
		{F805D54C-E707-40A5-A6F0-8DB0AD03B624}.Debug|Any CPU.ActiveCfg = Debug|Any CPU
		{F805D54C-E707-40A5-A6F0-8DB0AD03B624}.Debug|Any CPU.Build.0 = Debug|Any CPU
		{F805D54C-E707-40A5-A6F0-8DB0AD03B624}.Release|Any CPU.ActiveCfg = Release|Any CPU
		{F805D54C-E707-40A5-A6F0-8DB0AD03B624}.Release|Any CPU.Build.0 = Release|Any CPU
	EndGlobalSection
	GlobalSection(SolutionProperties) = preSolution
		HideSolutionNode = FALSE
	EndGlobalSection
	GlobalSection(ExtensibilityGlobals) = postSolution
		SolutionGuid = {7FA4D69E-D3A2-42F8-93D2-784568AC709D}
	EndGlobalSection
EndGlobal
